{
  "version": 4,
  "terraform_version": "1.5.2",
  "serial": 37,
  "lineage": "cc49c2ad-0f5f-099f-0b49-e669ef452fe7",
  "outputs": {
    "private_key": {
      "value": "-----BEGIN RSA PRIVATE KEY-----\nMIIJKgIBAAKCAgEAreGug61ts+W4iWJTp5T1e24isp4GsCKrCF3PWWHu71JOpBnr\n9OnoSTBiChdc6SPLURgg4CJak+xu/lsQx0OJJAXhuBgHdi6w3qY6Rk1hUfo9Em6A\nguV4UOWt6GGUbHa1fVrQTbqVatBKb8XuOKm0geeNNH3ltDOdtp5aA71VQj3nfrln\nGJCSi9PWtg/UTAtG6MX0sjujiTcA11L+Y4OMHzU13NpaKMDL9YoGdlBOJGv2z08P\nr77UgOTnDRH/2p42nNP5H7ax9mcErpGCCeWARuDx0RHyBj5YjKz6hcJLc1/IaT1X\nYog17oqh7UfFVkqvBfFnjL6P8U5xq3zXZ8ZTDHGJmmYMUzY7nUsa7XNoRpyW8GIV\n5XeW5/QBYK5ODv6TghFTo9pVLHH4EUL0zI4hR3riezO5ldmuA1pwx8RWWTM0oyJI\nwgDvSTUQ3SDgkgbioRLSQBSEPZ5hbNJ7eBfYA3yN6NX7LOAuLvQD6YbMfv2Jo1WA\nR7YGaGz6+gM+u3lcfZs6DX9rKEraeo/FXzqmN+e522ZPSfZvBUdqQymCJlXRPYjR\navWTMzSL681xq5BFUfV2kY6WIBAm48muzPbMfLWvSmaCSMtB7Y9NuV2+dp/6gHmC\nf+4RiCywfGPCQVScfrHXHYOiEOqA1WAAbmO4NM6oGJpRd1B7sN/wJwx8aPsCAwEA\nAQKCAgEApiEEUmylboah3Cjkki1AqTAd2Jgg/bHxxOmUDOsDlQYHesQFa5b7xsmC\nMfAGZf076PvrlRldfw0bMsug6TD+Wzt/YBsdLe4IMIGTFc4imGdEaFLJV8aUQH5g\nvLBWVZbJab4VXN5SmZ3uMIJkSyDhBGhNwgQzLgtOuMbsa7w+NC7e+XV8Kb0fNpcs\nAgB3rjvsAMP5OTy/z36MwC1cPYnWm46EKsE3+M3TUIISEIJDVosMYR9BdoEVmRya\nICO9Voto1Ee2MnWj7C6bC4qcOoZaG94ZS84gdZSll6pBJQDwg4fU+6+OyOYo2QL9\nGK5EvWBXfo8ZhyAeeMeg1N5PE6gpeRvU3NyuUhO3nwhWTVO+AMx64h0PvQbrKLDD\nZxvP6GcBzRBaHhtMvNNZlRK9RCZmBt/pyoCY8Kf9fhvlb9lfWi1VAR3EHKMnD0Sc\nO5t9YNVCVDZk0NLjQN2vRh9/BJU9p+8cbRJJfLp5IW5zQV9+aokU8fM9rykgtOgj\nDzfwinzulev6vupQJACs8/pGxsf4QNLuJcLpnv6e9MFUk++bUxPNmwmYpsFf+0Um\nfmCvPPFZTj7ytQv15isR83UORjbtx9v4t2F6MfYDN5sNKTUdtWFkfaBkDnoFadi8\nEowbdIkzJGZPcPiQNqkmG+AUAb2hyzWXhgSzuMYaCK4ljhEGxJECggEBANeOCMMA\nu9hHYf12KTfIhp1fYx2THoyJIHsTOSidzNxJCK2YjzvJbF8nw904dudWSPgCA1hD\nv55JCgCyHfFy1pSR2tx3niD9oDHwwcUW6uG9zvvrZOm4H5ZMdxpFAdJobqQspnZy\neZs7RcebX77eO7bNaak8OXJtHDTIOGcjw72bjIhbKYJWa9k6J4D29LvJK3AU6gTg\nKe3rg01ajxGQujLY6ZVOoyUZY2Fd/WcKgH5Ol/scJ68uwud4cz4M+FqD4WcbL6qm\nyjmlaAbNRUxwg/8SiYuIZq7iplpCFHUynilVX+3l9aYmOWr8rShCGUD+nua4ANM2\nctsRb3BWQgg8LNMCggEBAM6B6dXcNwnKNQxP/ksOgjr3oVFXUfsf92GohihGYM9l\nbeFAGOb/mdJDXNSA30mTL3NXjCer+sExfdPxazSYJSRbYRrjExta2dWFPymX8aJx\nVrNKPfVQzkYYZzNGfAKpcNr2XYN/fz5d858Jy/EWEGKPOSk9ZNnAteQVAtuYplvH\nzHWG6C/t3Zw+pvLH4u9Zf6rp90BcXyVmJIqqUxPJwNIZ62VQnQx80Xv7OUrBE0wg\nHJhWElXswyArMG4OpOvxix0OeaavVknL7Mt2u+jAUA3NoGOoKXg1rHJCI44yFyPe\n7U4kMOefV1Ozcst+TLC5R5LDgnc0mvGnA+6nWVGzGjkCggEBALgwvVnsSZeBP8F2\n87egGS9mr+o4qbULA/9HKOOFG+XsXocAQvyinIEfGKXzNt9tAsMx7SvCEH4wCWUY\nzq9gIu4nSC515GBqeTXTdbB1adXl/HWV6tAwLoWe53NCHlFuPYT6RnAWV8WGu5Ta\nNtGBUuNc2XnsZWZax+xuXov7qqpdvZNS2sBuGpAvukvgOrYwK3cF2Aa8ifes9LDn\nvjMTSZhjdA3KeWwdKqeryfn/plbHz+SaZWqzeYaTjV4rdRjbcoNJXszi4xCpP5/4\nTcwIpTIT5AagUqYENIQRzStsSmwlcOh3RRZpuUyrh0dMXAoGyT97YfEZqMF7P49t\nldU1nlMCggEAXcSDpwXtP9a/K64O64nU/G2ApGyf3wVu0Lsy34rFXqbRs9vk8s7Q\ny7amqh8yRDg+7YKtMz5WB+8vEVOnuCP1iYKsnwbIoD0qeFeejIZfw8Du+04UwBVG\n9HEUOyYgHR1PDz2azKDR6EHE40wRfJDmM7qQ2/bymiV08fHQcGHp9/bLEfqF5218\nmPuh1s+IbeIXpEXEbUcENPkiUoxwWKXdlgkK5+Aoz4jFniQ+qYDuADz8fvdmL/nn\nx+2UegTQQgpVfoYaGuO2rJ+aD/ED9fWM5BegYl/zJJBKkz8Q4fpAo5sP6dFpG2Mw\nxeLPlzLsI7qdkziPPw115ZBOqsj2N7C5kQKCAQEAvO3uqmcMhM5B5os/PJt8IKOm\nbbhk0lATwJ7O9X5V2tQBf1XmZHVON/5UreyMg0NmTtUxw3dThNRuFtWCbYYePLgd\nvRF1uKANdjxaPET/VMBrltBI7N5NCCxxpjDV9go8SjBIKR2CebM30wxa6IOcheUC\n/8jksznjGwlveiW9xTuz5uTGm8508QZL0HHkE6ni0z0bJDRQGkPLO1ajfY7S99EG\nXjCUFWbHlpbttVO4K3SytyKnmaElG/8ml+WOMWVjuQsOP/5nj4Em50TOj8hOoGvn\nDVK1RzX5dJLdTVjJ3NvJuAw/hmMJX8EZIHM5BGU1qOiCfrPKNIluhCJxjGzz6A==\n-----END RSA PRIVATE KEY-----\n",
      "type": "string",
      "sensitive": true
    }
  },
  "resources": [
    {
      "mode": "data",
      "type": "aws_availability_zones",
      "name": "available",
      "provider": "provider[\"registry.terraform.io/hashicorp/aws\"]",
      "instances": [
        {
          "schema_version": 0,
          "attributes": {
            "all_availability_zones": null,
            "exclude_names": null,
            "exclude_zone_ids": null,
            "filter": null,
            "group_names": [
              "eu-central-1"
            ],
            "id": "eu-central-1",
            "names": [
              "eu-central-1a",
              "eu-central-1b",
              "eu-central-1c"
            ],
            "state": "available",
            "timeouts": null,
            "zone_ids": [
              "euc1-az2",
              "euc1-az3",
              "euc1-az1"
            ]
          },
          "sensitive_attributes": []
        }
      ]
    },
    {
      "mode": "managed",
      "type": "aws_ebs_volume",
      "name": "bastion-host-ebs",
      "provider": "provider[\"registry.terraform.io/hashicorp/aws\"]",
      "instances": [
        {
          "schema_version": 0,
          "attributes": {
            "arn": "arn:aws:ec2:eu-central-1:143805577160:volume/vol-0db10fabe4d0de152",
            "availability_zone": "eu-central-1a",
            "encrypted": false,
            "final_snapshot": false,
            "id": "vol-0db10fabe4d0de152",
            "iops": 100,
            "kms_key_id": "",
            "multi_attach_enabled": false,
            "outpost_arn": "",
            "size": 5,
            "snapshot_id": "",
            "tags": null,
            "tags_all": {},
            "throughput": 0,
            "timeouts": null,
            "type": "gp2"
          },
          "sensitive_attributes": [],
          "private": "eyJlMmJmYjczMC1lY2FhLTExZTYtOGY4OC0zNDM2M2JjN2M0YzAiOnsiY3JlYXRlIjozMDAwMDAwMDAwMDAsImRlbGV0ZSI6MzAwMDAwMDAwMDAwLCJ1cGRhdGUiOjMwMDAwMDAwMDAwMH19",
          "dependencies": [
            "aws_instance.bastion-host",
            "aws_key_pair.deployer",
            "aws_security_group.bastion-host",
            "data.aws_availability_zones.available",
            "module.vpc.aws_subnet.public",
            "module.vpc.aws_vpc.this",
            "module.vpc.aws_vpc_ipv4_cidr_block_association.this"
          ]
        }
      ]
    },
    {
      "mode": "managed",
      "type": "aws_instance",
      "name": "bastion-host",
      "provider": "provider[\"registry.terraform.io/hashicorp/aws\"]",
      "instances": [
        {
          "schema_version": 1,
          "attributes": {
            "ami": "ami-0749e2c902c836c08",
            "arn": "arn:aws:ec2:eu-central-1:143805577160:instance/i-0653964cca5d23614",
            "associate_public_ip_address": false,
            "availability_zone": "eu-central-1a",
            "capacity_reservation_specification": [
              {
                "capacity_reservation_preference": "open",
                "capacity_reservation_target": []
              }
            ],
            "cpu_core_count": 1,
            "cpu_threads_per_core": 1,
            "credit_specification": [
              {
                "cpu_credits": "standard"
              }
            ],
            "disable_api_stop": false,
            "disable_api_termination": false,
            "ebs_block_device": [],
            "ebs_optimized": false,
            "enclave_options": [
              {
                "enabled": false
              }
            ],
            "ephemeral_block_device": [],
            "get_password_data": false,
            "hibernation": false,
            "host_id": null,
            "host_resource_group_arn": null,
            "iam_instance_profile": "",
            "id": "i-0653964cca5d23614",
            "instance_initiated_shutdown_behavior": "stop",
            "instance_state": "running",
            "instance_type": "t2.small",
            "ipv6_address_count": 0,
            "ipv6_addresses": [],
            "key_name": "deployer-key",
            "launch_template": [],
            "maintenance_options": [
              {
                "auto_recovery": "default"
              }
            ],
            "metadata_options": [
              {
                "http_endpoint": "enabled",
                "http_put_response_hop_limit": 2,
                "http_tokens": "required",
                "instance_metadata_tags": "disabled"
              }
            ],
            "monitoring": false,
            "network_interface": [],
            "outpost_arn": "",
            "password_data": "",
            "placement_group": "",
            "placement_partition_number": null,
            "primary_network_interface_id": "eni-07f8f88261c9f2da3",
            "private_dns": "ip-10-204-1-20.eu-central-1.compute.internal",
            "private_dns_name_options": [
              {
                "enable_resource_name_dns_a_record": false,
                "enable_resource_name_dns_aaaa_record": false,
                "hostname_type": "ip-name"
              }
            ],
            "private_ip": "10.204.1.20",
            "public_dns": "",
            "public_ip": "",
            "root_block_device": [
              {
                "delete_on_termination": true,
                "device_name": "/dev/xvda",
                "encrypted": false,
                "iops": 100,
                "kms_key_id": "",
                "tags": null,
                "throughput": 0,
                "volume_id": "vol-00bbe9b6a1b09a305",
                "volume_size": 8,
                "volume_type": "gp2"
              }
            ],
            "secondary_private_ips": [],
            "security_groups": [],
            "source_dest_check": true,
            "subnet_id": "subnet-096143006df0a5c15",
            "tags": {
              "Name": "bastion-host"
            },
            "tags_all": {
              "Name": "bastion-host"
            },
            "tenancy": "default",
            "timeouts": null,
            "user_data": null,
            "user_data_base64": null,
            "user_data_replace_on_change": false,
            "volume_tags": null,
            "vpc_security_group_ids": [
              "sg-016590244632d5f02"
            ]
          },
          "sensitive_attributes": [],
          "private": "eyJlMmJmYjczMC1lY2FhLTExZTYtOGY4OC0zNDM2M2JjN2M0YzAiOnsiY3JlYXRlIjo2MDAwMDAwMDAwMDAsImRlbGV0ZSI6MTIwMDAwMDAwMDAwMCwidXBkYXRlIjo2MDAwMDAwMDAwMDB9LCJzY2hlbWFfdmVyc2lvbiI6IjEifQ==",
          "dependencies": [
            "aws_key_pair.deployer",
            "aws_security_group.bastion-host",
            "data.aws_availability_zones.available",
            "module.vpc.aws_subnet.public",
            "module.vpc.aws_vpc.this",
            "module.vpc.aws_vpc_ipv4_cidr_block_association.this"
          ]
        }
      ]
    },
    {
      "mode": "managed",
      "type": "aws_key_pair",
      "name": "deployer",
      "provider": "provider[\"registry.terraform.io/hashicorp/aws\"]",
      "instances": [
        {
          "schema_version": 1,
          "attributes": {
            "arn": "arn:aws:ec2:eu-central-1:143805577160:key-pair/deployer-key",
            "fingerprint": "cf:f4:0a:79:fa:43:33:0d:f1:06:95:cc:77:fe:0b:f1",
            "id": "deployer-key",
            "key_name": "deployer-key",
            "key_name_prefix": "",
            "key_pair_id": "key-078374207313e4bd3",
            "key_type": "rsa",
            "public_key": "ssh-rsa AAAAB3NzaC1yc2EAAAADAQABAAACAQCt4a6DrW2z5biJYlOnlPV7biKyngawIqsIXc9ZYe7vUk6kGev06ehJMGIKF1zpI8tRGCDgIlqT7G7+WxDHQ4kkBeG4GAd2LrDepjpGTWFR+j0SboCC5XhQ5a3oYZRsdrV9WtBNupVq0Epvxe44qbSB5400feW0M522nloDvVVCPed+uWcYkJKL09a2D9RMC0boxfSyO6OJNwDXUv5jg4wfNTXc2loowMv1igZ2UE4ka/bPTw+vvtSA5OcNEf/anjac0/kftrH2ZwSukYIJ5YBG4PHREfIGPliMrPqFwktzX8hpPVdiiDXuiqHtR8VWSq8F8WeMvo/xTnGrfNdnxlMMcYmaZgxTNjudSxrtc2hGnJbwYhXld5bn9AFgrk4O/pOCEVOj2lUscfgRQvTMjiFHeuJ7M7mV2a4DWnDHxFZZMzSjIkjCAO9JNRDdIOCSBuKhEtJAFIQ9nmFs0nt4F9gDfI3o1fss4C4u9APphsx+/YmjVYBHtgZobPr6Az67eVx9mzoNf2soStp6j8VfOqY357nbZk9J9m8FR2pDKYImVdE9iNFq9ZMzNIvrzXGrkEVR9XaRjpYgECbjya7M9sx8ta9KZoJIy0Htj025Xb52n/qAeYJ/7hGILLB8Y8JBVJx+sdcdg6IQ6oDVYABuY7g0zqgYmlF3UHuw3/AnDHxo+w==",
            "tags": {},
            "tags_all": {}
          },
          "sensitive_attributes": [],
          "private": "eyJzY2hlbWFfdmVyc2lvbiI6IjEifQ==",
          "dependencies": [
            "tls_private_key.key"
          ]
        }
      ]
    },
    {
      "mode": "managed",
      "type": "aws_security_group",
      "name": "bastion-host",
      "provider": "provider[\"registry.terraform.io/hashicorp/aws\"]",
      "instances": [
        {
          "schema_version": 1,
          "attributes": {
            "arn": "arn:aws:ec2:eu-central-1:143805577160:security-group/sg-016590244632d5f02",
            "description": "Allow TLS inbound traffic",
            "egress": [
              {
                "cidr_blocks": [
                  "0.0.0.0/0"
                ],
                "description": "",
                "from_port": 0,
                "ipv6_cidr_blocks": [],
                "prefix_list_ids": [],
                "protocol": "-1",
                "security_groups": [],
                "self": false,
                "to_port": 0
              }
            ],
            "id": "sg-016590244632d5f02",
            "ingress": [
              {
                "cidr_blocks": [
                  "10.204.0.0/16"
                ],
                "description": "TLS from VPC",
                "from_port": 443,
                "ipv6_cidr_blocks": [],
                "prefix_list_ids": [],
                "protocol": "tcp",
                "security_groups": [],
                "self": false,
                "to_port": 443
              }
            ],
            "name": "bastion-host",
            "name_prefix": "",
            "owner_id": "143805577160",
            "revoke_rules_on_delete": false,
            "tags": {
              "Name": "bastion-host"
            },
            "tags_all": {
              "Name": "bastion-host"
            },
            "timeouts": null,
            "vpc_id": "vpc-04f09864394cbd161"
          },
          "sensitive_attributes": [],
          "private": "eyJlMmJmYjczMC1lY2FhLTExZTYtOGY4OC0zNDM2M2JjN2M0YzAiOnsiY3JlYXRlIjo2MDAwMDAwMDAwMDAsImRlbGV0ZSI6OTAwMDAwMDAwMDAwfSwic2NoZW1hX3ZlcnNpb24iOiIxIn0=",
          "dependencies": [
            "module.vpc.aws_vpc.this"
          ]
        }
      ]
    },
    {
      "mode": "managed",
      "type": "aws_security_group_rule",
      "name": "ssh",
      "provider": "provider[\"registry.terraform.io/hashicorp/aws\"]",
      "instances": [
        {
          "schema_version": 2,
          "attributes": {
            "cidr_blocks": [
              "10.204.0.0/16"
            ],
            "description": null,
            "from_port": 22,
            "id": "sgrule-3189968280",
            "ipv6_cidr_blocks": null,
            "prefix_list_ids": null,
            "protocol": "tcp",
            "security_group_id": "sg-016590244632d5f02",
            "security_group_rule_id": "sgr-089e9b694120731b2",
            "self": false,
            "source_security_group_id": null,
            "timeouts": null,
            "to_port": 22,
            "type": "ingress"
          },
          "sensitive_attributes": [],
          "private": "eyJlMmJmYjczMC1lY2FhLTExZTYtOGY4OC0zNDM2M2JjN2M0YzAiOnsiY3JlYXRlIjozMDAwMDAwMDAwMDB9LCJzY2hlbWFfdmVyc2lvbiI6IjIifQ==",
          "dependencies": [
            "aws_security_group.bastion-host",
            "module.vpc.aws_vpc.this"
          ]
        }
      ]
    },
    {
      "mode": "managed",
      "type": "aws_volume_attachment",
      "name": "bastion-host-ebs",
      "provider": "provider[\"registry.terraform.io/hashicorp/aws\"]",
      "instances": [
        {
          "schema_version": 0,
          "attributes": {
            "device_name": "/dev/sdh",
            "force_detach": null,
            "id": "vai-874483438",
            "instance_id": "i-0653964cca5d23614",
            "skip_destroy": null,
            "stop_instance_before_detaching": null,
            "timeouts": null,
            "volume_id": "vol-0db10fabe4d0de152"
          },
          "sensitive_attributes": [],
          "private": "eyJlMmJmYjczMC1lY2FhLTExZTYtOGY4OC0zNDM2M2JjN2M0YzAiOnsiY3JlYXRlIjozMDAwMDAwMDAwMDAsImRlbGV0ZSI6MzAwMDAwMDAwMDAwfX0=",
          "dependencies": [
            "aws_ebs_volume.bastion-host-ebs",
            "aws_instance.bastion-host",
            "aws_key_pair.deployer",
            "aws_security_group.bastion-host",
            "data.aws_availability_zones.available",
            "module.vpc.aws_subnet.public",
            "module.vpc.aws_vpc.this",
            "module.vpc.aws_vpc_ipv4_cidr_block_association.this"
          ]
        }
      ]
    },
    {
      "mode": "managed",
      "type": "tls_private_key",
      "name": "key",
      "provider": "provider[\"registry.terraform.io/hashicorp/tls\"]",
      "instances": [
        {
          "schema_version": 1,
          "attributes": {
            "algorithm": "RSA",
            "ecdsa_curve": "P224",
            "id": "6fb2e9394fab0bb69fa20604675c74441ba86eb9",
            "private_key_openssh": "-----BEGIN OPENSSH PRIVATE KEY-----\nb3BlbnNzaC1rZXktdjEAAAAABG5vbmUAAAAEbm9uZQAAAAAAAAABAAACFwAAAAdz\nc2gtcnNhAAAAAwEAAQAAAgEAreGug61ts+W4iWJTp5T1e24isp4GsCKrCF3PWWHu\n71JOpBnr9OnoSTBiChdc6SPLURgg4CJak+xu/lsQx0OJJAXhuBgHdi6w3qY6Rk1h\nUfo9Em6AguV4UOWt6GGUbHa1fVrQTbqVatBKb8XuOKm0geeNNH3ltDOdtp5aA71V\nQj3nfrlnGJCSi9PWtg/UTAtG6MX0sjujiTcA11L+Y4OMHzU13NpaKMDL9YoGdlBO\nJGv2z08Pr77UgOTnDRH/2p42nNP5H7ax9mcErpGCCeWARuDx0RHyBj5YjKz6hcJL\nc1/IaT1XYog17oqh7UfFVkqvBfFnjL6P8U5xq3zXZ8ZTDHGJmmYMUzY7nUsa7XNo\nRpyW8GIV5XeW5/QBYK5ODv6TghFTo9pVLHH4EUL0zI4hR3riezO5ldmuA1pwx8RW\nWTM0oyJIwgDvSTUQ3SDgkgbioRLSQBSEPZ5hbNJ7eBfYA3yN6NX7LOAuLvQD6YbM\nfv2Jo1WAR7YGaGz6+gM+u3lcfZs6DX9rKEraeo/FXzqmN+e522ZPSfZvBUdqQymC\nJlXRPYjRavWTMzSL681xq5BFUfV2kY6WIBAm48muzPbMfLWvSmaCSMtB7Y9NuV2+\ndp/6gHmCf+4RiCywfGPCQVScfrHXHYOiEOqA1WAAbmO4NM6oGJpRd1B7sN/wJwx8\naPsAAAc4eXCEwHlwhMAAAAAHc3NoLXJzYQAAAgEAreGug61ts+W4iWJTp5T1e24i\nsp4GsCKrCF3PWWHu71JOpBnr9OnoSTBiChdc6SPLURgg4CJak+xu/lsQx0OJJAXh\nuBgHdi6w3qY6Rk1hUfo9Em6AguV4UOWt6GGUbHa1fVrQTbqVatBKb8XuOKm0geeN\nNH3ltDOdtp5aA71VQj3nfrlnGJCSi9PWtg/UTAtG6MX0sjujiTcA11L+Y4OMHzU1\n3NpaKMDL9YoGdlBOJGv2z08Pr77UgOTnDRH/2p42nNP5H7ax9mcErpGCCeWARuDx\n0RHyBj5YjKz6hcJLc1/IaT1XYog17oqh7UfFVkqvBfFnjL6P8U5xq3zXZ8ZTDHGJ\nmmYMUzY7nUsa7XNoRpyW8GIV5XeW5/QBYK5ODv6TghFTo9pVLHH4EUL0zI4hR3ri\nezO5ldmuA1pwx8RWWTM0oyJIwgDvSTUQ3SDgkgbioRLSQBSEPZ5hbNJ7eBfYA3yN\n6NX7LOAuLvQD6YbMfv2Jo1WAR7YGaGz6+gM+u3lcfZs6DX9rKEraeo/FXzqmN+e5\n22ZPSfZvBUdqQymCJlXRPYjRavWTMzSL681xq5BFUfV2kY6WIBAm48muzPbMfLWv\nSmaCSMtB7Y9NuV2+dp/6gHmCf+4RiCywfGPCQVScfrHXHYOiEOqA1WAAbmO4NM6o\nGJpRd1B7sN/wJwx8aPsAAAADAQABAAACAQCmIQRSbKVuhqHcKOSSLUCpMB3YmCD9\nsfHE6ZQM6wOVBgd6xAVrlvvGyYIx8AZl/Tvo++uVGV1/DRsyy6DpMP5bO39gGx0t\n7ggwgZMVziKYZ0RoUslXxpRAfmC8sFZVlslpvhVc3lKZne4wgmRLIOEEaE3CBDMu\nC064xuxrvD40Lt75dXwpvR82lywCAHeuO+wAw/k5PL/PfozALVw9idabjoQqwTf4\nzdNQghIQgkNWiwxhH0F2gRWZHJogI71Wi2jUR7YydaPsLpsLipw6hlob3hlLziB1\nlKWXqkElAPCDh9T7r47I5ijZAv0YrkS9YFd+jxmHIB54x6DU3k8TqCl5G9Tc3K5S\nE7efCFZNU74AzHriHQ+9BusosMNnG8/oZwHNEFoeG0y801mVEr1EJmYG3+nKgJjw\np/1+G+Vv2V9aLVUBHcQcoycPRJw7m31g1UJUNmTQ0uNA3a9GH38ElT2n7xxtEkl8\nunkhbnNBX35qiRTx8z2vKSC06CMPN/CKfO6V6/q+6lAkAKzz+kbGx/hA0u4lwume\n/p70wVST75tTE82bCZimwV/7RSZ+YK888VlOPvK1C/XmKxHzdQ5GNu3H2/i3YXox\n9gM3mw0pNR21YWR9oGQOegVp2LwSjBt0iTMkZk9w+JA2qSYb4BQBvaHLNZeGBLO4\nxhoIriWOEQbEkQAAAQEAvO3uqmcMhM5B5os/PJt8IKOmbbhk0lATwJ7O9X5V2tQB\nf1XmZHVON/5UreyMg0NmTtUxw3dThNRuFtWCbYYePLgdvRF1uKANdjxaPET/VMBr\nltBI7N5NCCxxpjDV9go8SjBIKR2CebM30wxa6IOcheUC/8jksznjGwlveiW9xTuz\n5uTGm8508QZL0HHkE6ni0z0bJDRQGkPLO1ajfY7S99EGXjCUFWbHlpbttVO4K3Sy\ntyKnmaElG/8ml+WOMWVjuQsOP/5nj4Em50TOj8hOoGvnDVK1RzX5dJLdTVjJ3NvJ\nuAw/hmMJX8EZIHM5BGU1qOiCfrPKNIluhCJxjGzz6AAAAQEA144IwwC72Edh/XYp\nN8iGnV9jHZMejIkgexM5KJ3M3EkIrZiPO8lsXyfD3Th251ZI+AIDWEO/nkkKALId\n8XLWlJHa3HeeIP2gMfDBxRbq4b3O++tk6bgflkx3GkUB0mhupCymdnJ5mztFx5tf\nvt47ts1pqTw5cm0cNMg4ZyPDvZuMiFspglZr2TongPb0u8krcBTqBOAp7euDTVqP\nEZC6MtjplU6jJRljYV39ZwqAfk6X+xwnry7C53hzPgz4WoPhZxsvqqbKOaVoBs1F\nTHCD/xKJi4hmruKmWkIUdTKeKVVf7eX1piY5avytKEIZQP6e5rgA0zZy2xFvcFZC\nCDws0wAAAQEAzoHp1dw3Cco1DE/+Sw6COvehUVdR+x/3YaiGKEZgz2Vt4UAY5v+Z\n0kNc1IDfSZMvc1eMJ6v6wTF90/FrNJglJFthGuMTG1rZ1YU/KZfxonFWs0o99VDO\nRhhnM0Z8Aqlw2vZdg39/Pl3znwnL8RYQYo85KT1k2cC15BUC25imW8fMdYboL+3d\nnD6m8sfi71l/qun3QFxfJWYkiqpTE8nA0hnrZVCdDHzRe/s5SsETTCAcmFYSVezD\nICswbg6k6/GLHQ55pq9WScvsy3a76MBQDc2gY6gpeDWsckIjjjIXI97tTiQw559X\nU7Nyy35MsLlHksOCdzSa8acD7qdZUbMaOQAAAAAB\n-----END OPENSSH PRIVATE KEY-----\n",
            "private_key_pem": "-----BEGIN RSA PRIVATE KEY-----\nMIIJKgIBAAKCAgEAreGug61ts+W4iWJTp5T1e24isp4GsCKrCF3PWWHu71JOpBnr\n9OnoSTBiChdc6SPLURgg4CJak+xu/lsQx0OJJAXhuBgHdi6w3qY6Rk1hUfo9Em6A\nguV4UOWt6GGUbHa1fVrQTbqVatBKb8XuOKm0geeNNH3ltDOdtp5aA71VQj3nfrln\nGJCSi9PWtg/UTAtG6MX0sjujiTcA11L+Y4OMHzU13NpaKMDL9YoGdlBOJGv2z08P\nr77UgOTnDRH/2p42nNP5H7ax9mcErpGCCeWARuDx0RHyBj5YjKz6hcJLc1/IaT1X\nYog17oqh7UfFVkqvBfFnjL6P8U5xq3zXZ8ZTDHGJmmYMUzY7nUsa7XNoRpyW8GIV\n5XeW5/QBYK5ODv6TghFTo9pVLHH4EUL0zI4hR3riezO5ldmuA1pwx8RWWTM0oyJI\nwgDvSTUQ3SDgkgbioRLSQBSEPZ5hbNJ7eBfYA3yN6NX7LOAuLvQD6YbMfv2Jo1WA\nR7YGaGz6+gM+u3lcfZs6DX9rKEraeo/FXzqmN+e522ZPSfZvBUdqQymCJlXRPYjR\navWTMzSL681xq5BFUfV2kY6WIBAm48muzPbMfLWvSmaCSMtB7Y9NuV2+dp/6gHmC\nf+4RiCywfGPCQVScfrHXHYOiEOqA1WAAbmO4NM6oGJpRd1B7sN/wJwx8aPsCAwEA\nAQKCAgEApiEEUmylboah3Cjkki1AqTAd2Jgg/bHxxOmUDOsDlQYHesQFa5b7xsmC\nMfAGZf076PvrlRldfw0bMsug6TD+Wzt/YBsdLe4IMIGTFc4imGdEaFLJV8aUQH5g\nvLBWVZbJab4VXN5SmZ3uMIJkSyDhBGhNwgQzLgtOuMbsa7w+NC7e+XV8Kb0fNpcs\nAgB3rjvsAMP5OTy/z36MwC1cPYnWm46EKsE3+M3TUIISEIJDVosMYR9BdoEVmRya\nICO9Voto1Ee2MnWj7C6bC4qcOoZaG94ZS84gdZSll6pBJQDwg4fU+6+OyOYo2QL9\nGK5EvWBXfo8ZhyAeeMeg1N5PE6gpeRvU3NyuUhO3nwhWTVO+AMx64h0PvQbrKLDD\nZxvP6GcBzRBaHhtMvNNZlRK9RCZmBt/pyoCY8Kf9fhvlb9lfWi1VAR3EHKMnD0Sc\nO5t9YNVCVDZk0NLjQN2vRh9/BJU9p+8cbRJJfLp5IW5zQV9+aokU8fM9rykgtOgj\nDzfwinzulev6vupQJACs8/pGxsf4QNLuJcLpnv6e9MFUk++bUxPNmwmYpsFf+0Um\nfmCvPPFZTj7ytQv15isR83UORjbtx9v4t2F6MfYDN5sNKTUdtWFkfaBkDnoFadi8\nEowbdIkzJGZPcPiQNqkmG+AUAb2hyzWXhgSzuMYaCK4ljhEGxJECggEBANeOCMMA\nu9hHYf12KTfIhp1fYx2THoyJIHsTOSidzNxJCK2YjzvJbF8nw904dudWSPgCA1hD\nv55JCgCyHfFy1pSR2tx3niD9oDHwwcUW6uG9zvvrZOm4H5ZMdxpFAdJobqQspnZy\neZs7RcebX77eO7bNaak8OXJtHDTIOGcjw72bjIhbKYJWa9k6J4D29LvJK3AU6gTg\nKe3rg01ajxGQujLY6ZVOoyUZY2Fd/WcKgH5Ol/scJ68uwud4cz4M+FqD4WcbL6qm\nyjmlaAbNRUxwg/8SiYuIZq7iplpCFHUynilVX+3l9aYmOWr8rShCGUD+nua4ANM2\nctsRb3BWQgg8LNMCggEBAM6B6dXcNwnKNQxP/ksOgjr3oVFXUfsf92GohihGYM9l\nbeFAGOb/mdJDXNSA30mTL3NXjCer+sExfdPxazSYJSRbYRrjExta2dWFPymX8aJx\nVrNKPfVQzkYYZzNGfAKpcNr2XYN/fz5d858Jy/EWEGKPOSk9ZNnAteQVAtuYplvH\nzHWG6C/t3Zw+pvLH4u9Zf6rp90BcXyVmJIqqUxPJwNIZ62VQnQx80Xv7OUrBE0wg\nHJhWElXswyArMG4OpOvxix0OeaavVknL7Mt2u+jAUA3NoGOoKXg1rHJCI44yFyPe\n7U4kMOefV1Ozcst+TLC5R5LDgnc0mvGnA+6nWVGzGjkCggEBALgwvVnsSZeBP8F2\n87egGS9mr+o4qbULA/9HKOOFG+XsXocAQvyinIEfGKXzNt9tAsMx7SvCEH4wCWUY\nzq9gIu4nSC515GBqeTXTdbB1adXl/HWV6tAwLoWe53NCHlFuPYT6RnAWV8WGu5Ta\nNtGBUuNc2XnsZWZax+xuXov7qqpdvZNS2sBuGpAvukvgOrYwK3cF2Aa8ifes9LDn\nvjMTSZhjdA3KeWwdKqeryfn/plbHz+SaZWqzeYaTjV4rdRjbcoNJXszi4xCpP5/4\nTcwIpTIT5AagUqYENIQRzStsSmwlcOh3RRZpuUyrh0dMXAoGyT97YfEZqMF7P49t\nldU1nlMCggEAXcSDpwXtP9a/K64O64nU/G2ApGyf3wVu0Lsy34rFXqbRs9vk8s7Q\ny7amqh8yRDg+7YKtMz5WB+8vEVOnuCP1iYKsnwbIoD0qeFeejIZfw8Du+04UwBVG\n9HEUOyYgHR1PDz2azKDR6EHE40wRfJDmM7qQ2/bymiV08fHQcGHp9/bLEfqF5218\nmPuh1s+IbeIXpEXEbUcENPkiUoxwWKXdlgkK5+Aoz4jFniQ+qYDuADz8fvdmL/nn\nx+2UegTQQgpVfoYaGuO2rJ+aD/ED9fWM5BegYl/zJJBKkz8Q4fpAo5sP6dFpG2Mw\nxeLPlzLsI7qdkziPPw115ZBOqsj2N7C5kQKCAQEAvO3uqmcMhM5B5os/PJt8IKOm\nbbhk0lATwJ7O9X5V2tQBf1XmZHVON/5UreyMg0NmTtUxw3dThNRuFtWCbYYePLgd\nvRF1uKANdjxaPET/VMBrltBI7N5NCCxxpjDV9go8SjBIKR2CebM30wxa6IOcheUC\n/8jksznjGwlveiW9xTuz5uTGm8508QZL0HHkE6ni0z0bJDRQGkPLO1ajfY7S99EG\nXjCUFWbHlpbttVO4K3SytyKnmaElG/8ml+WOMWVjuQsOP/5nj4Em50TOj8hOoGvn\nDVK1RzX5dJLdTVjJ3NvJuAw/hmMJX8EZIHM5BGU1qOiCfrPKNIluhCJxjGzz6A==\n-----END RSA PRIVATE KEY-----\n",
            "private_key_pem_pkcs8": "-----BEGIN PRIVATE KEY-----\nMIIJRAIBADANBgkqhkiG9w0BAQEFAASCCS4wggkqAgEAAoICAQCt4a6DrW2z5biJ\nYlOnlPV7biKyngawIqsIXc9ZYe7vUk6kGev06ehJMGIKF1zpI8tRGCDgIlqT7G7+\nWxDHQ4kkBeG4GAd2LrDepjpGTWFR+j0SboCC5XhQ5a3oYZRsdrV9WtBNupVq0Epv\nxe44qbSB5400feW0M522nloDvVVCPed+uWcYkJKL09a2D9RMC0boxfSyO6OJNwDX\nUv5jg4wfNTXc2loowMv1igZ2UE4ka/bPTw+vvtSA5OcNEf/anjac0/kftrH2ZwSu\nkYIJ5YBG4PHREfIGPliMrPqFwktzX8hpPVdiiDXuiqHtR8VWSq8F8WeMvo/xTnGr\nfNdnxlMMcYmaZgxTNjudSxrtc2hGnJbwYhXld5bn9AFgrk4O/pOCEVOj2lUscfgR\nQvTMjiFHeuJ7M7mV2a4DWnDHxFZZMzSjIkjCAO9JNRDdIOCSBuKhEtJAFIQ9nmFs\n0nt4F9gDfI3o1fss4C4u9APphsx+/YmjVYBHtgZobPr6Az67eVx9mzoNf2soStp6\nj8VfOqY357nbZk9J9m8FR2pDKYImVdE9iNFq9ZMzNIvrzXGrkEVR9XaRjpYgECbj\nya7M9sx8ta9KZoJIy0Htj025Xb52n/qAeYJ/7hGILLB8Y8JBVJx+sdcdg6IQ6oDV\nYABuY7g0zqgYmlF3UHuw3/AnDHxo+wIDAQABAoICAQCmIQRSbKVuhqHcKOSSLUCp\nMB3YmCD9sfHE6ZQM6wOVBgd6xAVrlvvGyYIx8AZl/Tvo++uVGV1/DRsyy6DpMP5b\nO39gGx0t7ggwgZMVziKYZ0RoUslXxpRAfmC8sFZVlslpvhVc3lKZne4wgmRLIOEE\naE3CBDMuC064xuxrvD40Lt75dXwpvR82lywCAHeuO+wAw/k5PL/PfozALVw9idab\njoQqwTf4zdNQghIQgkNWiwxhH0F2gRWZHJogI71Wi2jUR7YydaPsLpsLipw6hlob\n3hlLziB1lKWXqkElAPCDh9T7r47I5ijZAv0YrkS9YFd+jxmHIB54x6DU3k8TqCl5\nG9Tc3K5SE7efCFZNU74AzHriHQ+9BusosMNnG8/oZwHNEFoeG0y801mVEr1EJmYG\n3+nKgJjwp/1+G+Vv2V9aLVUBHcQcoycPRJw7m31g1UJUNmTQ0uNA3a9GH38ElT2n\n7xxtEkl8unkhbnNBX35qiRTx8z2vKSC06CMPN/CKfO6V6/q+6lAkAKzz+kbGx/hA\n0u4lwume/p70wVST75tTE82bCZimwV/7RSZ+YK888VlOPvK1C/XmKxHzdQ5GNu3H\n2/i3YXox9gM3mw0pNR21YWR9oGQOegVp2LwSjBt0iTMkZk9w+JA2qSYb4BQBvaHL\nNZeGBLO4xhoIriWOEQbEkQKCAQEA144IwwC72Edh/XYpN8iGnV9jHZMejIkgexM5\nKJ3M3EkIrZiPO8lsXyfD3Th251ZI+AIDWEO/nkkKALId8XLWlJHa3HeeIP2gMfDB\nxRbq4b3O++tk6bgflkx3GkUB0mhupCymdnJ5mztFx5tfvt47ts1pqTw5cm0cNMg4\nZyPDvZuMiFspglZr2TongPb0u8krcBTqBOAp7euDTVqPEZC6MtjplU6jJRljYV39\nZwqAfk6X+xwnry7C53hzPgz4WoPhZxsvqqbKOaVoBs1FTHCD/xKJi4hmruKmWkIU\ndTKeKVVf7eX1piY5avytKEIZQP6e5rgA0zZy2xFvcFZCCDws0wKCAQEAzoHp1dw3\nCco1DE/+Sw6COvehUVdR+x/3YaiGKEZgz2Vt4UAY5v+Z0kNc1IDfSZMvc1eMJ6v6\nwTF90/FrNJglJFthGuMTG1rZ1YU/KZfxonFWs0o99VDORhhnM0Z8Aqlw2vZdg39/\nPl3znwnL8RYQYo85KT1k2cC15BUC25imW8fMdYboL+3dnD6m8sfi71l/qun3QFxf\nJWYkiqpTE8nA0hnrZVCdDHzRe/s5SsETTCAcmFYSVezDICswbg6k6/GLHQ55pq9W\nScvsy3a76MBQDc2gY6gpeDWsckIjjjIXI97tTiQw559XU7Nyy35MsLlHksOCdzSa\n8acD7qdZUbMaOQKCAQEAuDC9WexJl4E/wXbzt6AZL2av6jiptQsD/0co44Ub5exe\nhwBC/KKcgR8YpfM2320CwzHtK8IQfjAJZRjOr2Ai7idILnXkYGp5NdN1sHVp1eX8\ndZXq0DAuhZ7nc0IeUW49hPpGcBZXxYa7lNo20YFS41zZeexlZlrH7G5ei/uqql29\nk1LawG4akC+6S+A6tjArdwXYBryJ96z0sOe+MxNJmGN0Dcp5bB0qp6vJ+f+mVsfP\n5JplarN5hpONXit1GNtyg0lezOLjEKk/n/hNzAilMhPkBqBSpgQ0hBHNK2xKbCVw\n6HdFFmm5TKuHR0xcCgbJP3th8RmowXs/j22V1TWeUwKCAQBdxIOnBe0/1r8rrg7r\nidT8bYCkbJ/fBW7QuzLfisVeptGz2+TyztDLtqaqHzJEOD7tgq0zPlYH7y8RU6e4\nI/WJgqyfBsigPSp4V56Mhl/DwO77ThTAFUb0cRQ7JiAdHU8PPZrMoNHoQcTjTBF8\nkOYzupDb9vKaJXTx8dBwYen39ssR+oXnbXyY+6HWz4ht4hekRcRtRwQ0+SJSjHBY\npd2WCQrn4CjPiMWeJD6pgO4APPx+92Yv+efH7ZR6BNBCClV+hhoa47asn5oP8QP1\n9YzkF6BiX/MkkEqTPxDh+kCjmw/p0WkbYzDF4s+XMuwjup2TOI8/DXXlkE6qyPY3\nsLmRAoIBAQC87e6qZwyEzkHmiz88m3wgo6ZtuGTSUBPAns71flXa1AF/VeZkdU43\n/lSt7IyDQ2ZO1THDd1OE1G4W1YJthh48uB29EXW4oA12PFo8RP9UwGuW0Ejs3k0I\nLHGmMNX2CjxKMEgpHYJ5szfTDFrog5yF5QL/yOSzOeMbCW96Jb3FO7Pm5MabznTx\nBkvQceQTqeLTPRskNFAaQ8s7VqN9jtL30QZeMJQVZseWlu21U7grdLK3IqeZoSUb\n/yaX5Y4xZWO5Cw4//mePgSbnRM6PyE6ga+cNUrVHNfl0kt1NWMnc28m4DD+GYwlf\nwRkgczkEZTWo6IJ+s8o0iW6EInGMbPPo\n-----END PRIVATE KEY-----\n",
            "public_key_fingerprint_md5": "cb:3f:59:52:1c:08:2c:9d:4b:cf:36:47:99:a8:87:65",
            "public_key_fingerprint_sha256": "SHA256:zNDu9k3ld9QvYzWISu9AXl1vH6oRWwKRI8K7nsznpSU",
            "public_key_openssh": "ssh-rsa AAAAB3NzaC1yc2EAAAADAQABAAACAQCt4a6DrW2z5biJYlOnlPV7biKyngawIqsIXc9ZYe7vUk6kGev06ehJMGIKF1zpI8tRGCDgIlqT7G7+WxDHQ4kkBeG4GAd2LrDepjpGTWFR+j0SboCC5XhQ5a3oYZRsdrV9WtBNupVq0Epvxe44qbSB5400feW0M522nloDvVVCPed+uWcYkJKL09a2D9RMC0boxfSyO6OJNwDXUv5jg4wfNTXc2loowMv1igZ2UE4ka/bPTw+vvtSA5OcNEf/anjac0/kftrH2ZwSukYIJ5YBG4PHREfIGPliMrPqFwktzX8hpPVdiiDXuiqHtR8VWSq8F8WeMvo/xTnGrfNdnxlMMcYmaZgxTNjudSxrtc2hGnJbwYhXld5bn9AFgrk4O/pOCEVOj2lUscfgRQvTMjiFHeuJ7M7mV2a4DWnDHxFZZMzSjIkjCAO9JNRDdIOCSBuKhEtJAFIQ9nmFs0nt4F9gDfI3o1fss4C4u9APphsx+/YmjVYBHtgZobPr6Az67eVx9mzoNf2soStp6j8VfOqY357nbZk9J9m8FR2pDKYImVdE9iNFq9ZMzNIvrzXGrkEVR9XaRjpYgECbjya7M9sx8ta9KZoJIy0Htj025Xb52n/qAeYJ/7hGILLB8Y8JBVJx+sdcdg6IQ6oDVYABuY7g0zqgYmlF3UHuw3/AnDHxo+w==\n",
            "public_key_pem": "-----BEGIN PUBLIC KEY-----\nMIICIjANBgkqhkiG9w0BAQEFAAOCAg8AMIICCgKCAgEAreGug61ts+W4iWJTp5T1\ne24isp4GsCKrCF3PWWHu71JOpBnr9OnoSTBiChdc6SPLURgg4CJak+xu/lsQx0OJ\nJAXhuBgHdi6w3qY6Rk1hUfo9Em6AguV4UOWt6GGUbHa1fVrQTbqVatBKb8XuOKm0\ngeeNNH3ltDOdtp5aA71VQj3nfrlnGJCSi9PWtg/UTAtG6MX0sjujiTcA11L+Y4OM\nHzU13NpaKMDL9YoGdlBOJGv2z08Pr77UgOTnDRH/2p42nNP5H7ax9mcErpGCCeWA\nRuDx0RHyBj5YjKz6hcJLc1/IaT1XYog17oqh7UfFVkqvBfFnjL6P8U5xq3zXZ8ZT\nDHGJmmYMUzY7nUsa7XNoRpyW8GIV5XeW5/QBYK5ODv6TghFTo9pVLHH4EUL0zI4h\nR3riezO5ldmuA1pwx8RWWTM0oyJIwgDvSTUQ3SDgkgbioRLSQBSEPZ5hbNJ7eBfY\nA3yN6NX7LOAuLvQD6YbMfv2Jo1WAR7YGaGz6+gM+u3lcfZs6DX9rKEraeo/FXzqm\nN+e522ZPSfZvBUdqQymCJlXRPYjRavWTMzSL681xq5BFUfV2kY6WIBAm48muzPbM\nfLWvSmaCSMtB7Y9NuV2+dp/6gHmCf+4RiCywfGPCQVScfrHXHYOiEOqA1WAAbmO4\nNM6oGJpRd1B7sN/wJwx8aPsCAwEAAQ==\n-----END PUBLIC KEY-----\n",
            "rsa_bits": 4096
          },
          "sensitive_attributes": []
        }
      ]
    },
    {
      "module": "module.vpc",
      "mode": "managed",
      "type": "aws_default_network_acl",
      "name": "this",
      "provider": "provider[\"registry.terraform.io/hashicorp/aws\"]",
      "instances": [
        {
          "index_key": 0,
          "schema_version": 0,
          "attributes": {
            "arn": "arn:aws:ec2:eu-central-1:143805577160:network-acl/acl-0047507bf17fd6ffe",
            "default_network_acl_id": "acl-0047507bf17fd6ffe",
            "egress": [
              {
                "action": "allow",
                "cidr_block": "",
                "from_port": 0,
                "icmp_code": 0,
                "icmp_type": 0,
                "ipv6_cidr_block": "::/0",
                "protocol": "-1",
                "rule_no": 101,
                "to_port": 0
              },
              {
                "action": "allow",
                "cidr_block": "0.0.0.0/0",
                "from_port": 0,
                "icmp_code": 0,
                "icmp_type": 0,
                "ipv6_cidr_block": "",
                "protocol": "-1",
                "rule_no": 100,
                "to_port": 0
              }
            ],
            "id": "acl-0047507bf17fd6ffe",
            "ingress": [
              {
                "action": "allow",
                "cidr_block": "",
                "from_port": 0,
                "icmp_code": 0,
                "icmp_type": 0,
                "ipv6_cidr_block": "::/0",
                "protocol": "-1",
                "rule_no": 101,
                "to_port": 0
              },
              {
                "action": "allow",
                "cidr_block": "0.0.0.0/0",
                "from_port": 0,
                "icmp_code": 0,
                "icmp_type": 0,
                "ipv6_cidr_block": "",
                "protocol": "-1",
                "rule_no": 100,
                "to_port": 0
              }
            ],
            "owner_id": "143805577160",
            "subnet_ids": [
              "subnet-0467d15976071acfa"
            ],
            "tags": {
              "Environment": "dev",
              "Name": "my_vpc-default",
              "Terraform": "true"
            },
            "tags_all": {
              "Environment": "dev",
              "Name": "my_vpc-default",
              "Terraform": "true"
            },
            "vpc_id": "vpc-04f09864394cbd161"
          },
          "sensitive_attributes": [],
          "private": "bnVsbA==",
          "dependencies": [
            "module.vpc.aws_vpc.this"
          ]
        }
      ]
    },
    {
      "module": "module.vpc",
      "mode": "managed",
      "type": "aws_default_route_table",
      "name": "default",
      "provider": "provider[\"registry.terraform.io/hashicorp/aws\"]",
      "instances": [
        {
          "index_key": 0,
          "schema_version": 0,
          "attributes": {
            "arn": "arn:aws:ec2:eu-central-1:143805577160:route-table/rtb-0c425b120e55f5e99",
            "default_route_table_id": "rtb-0c425b120e55f5e99",
            "id": "rtb-0c425b120e55f5e99",
            "owner_id": "143805577160",
            "propagating_vgws": [],
            "route": [],
            "tags": {
              "Environment": "dev",
              "Name": "my_vpc-default",
              "Terraform": "true"
            },
            "tags_all": {
              "Environment": "dev",
              "Name": "my_vpc-default",
              "Terraform": "true"
            },
            "timeouts": {
              "create": "5m",
              "update": "5m"
            },
            "vpc_id": "vpc-04f09864394cbd161"
          },
          "sensitive_attributes": [],
          "private": "eyJlMmJmYjczMC1lY2FhLTExZTYtOGY4OC0zNDM2M2JjN2M0YzAiOnsiY3JlYXRlIjozMDAwMDAwMDAwMDAsInVwZGF0ZSI6MzAwMDAwMDAwMDAwfX0=",
          "dependencies": [
            "module.vpc.aws_vpc.this"
          ]
        }
      ]
    },
    {
      "module": "module.vpc",
      "mode": "managed",
      "type": "aws_internet_gateway",
      "name": "this",
      "provider": "provider[\"registry.terraform.io/hashicorp/aws\"]",
      "instances": [
        {
          "index_key": 0,
          "schema_version": 0,
          "attributes": {
            "arn": "arn:aws:ec2:eu-central-1:143805577160:internet-gateway/igw-0df05cdcf5fee914c",
            "id": "igw-0df05cdcf5fee914c",
            "owner_id": "143805577160",
            "tags": {
              "Environment": "dev",
              "Name": "my_vpc",
              "Terraform": "true"
            },
            "tags_all": {
              "Environment": "dev",
              "Name": "my_vpc",
              "Terraform": "true"
            },
            "timeouts": null,
            "vpc_id": "vpc-04f09864394cbd161"
          },
          "sensitive_attributes": [],
          "private": "eyJlMmJmYjczMC1lY2FhLTExZTYtOGY4OC0zNDM2M2JjN2M0YzAiOnsiY3JlYXRlIjoxMjAwMDAwMDAwMDAwLCJkZWxldGUiOjEyMDAwMDAwMDAwMDAsInVwZGF0ZSI6MTIwMDAwMDAwMDAwMH19",
          "dependencies": [
            "module.vpc.aws_vpc.this",
            "module.vpc.aws_vpc_ipv4_cidr_block_association.this"
          ]
        }
      ]
    },
    {
      "module": "module.vpc",
      "mode": "managed",
      "type": "aws_route",
      "name": "public_internet_gateway",
      "provider": "provider[\"registry.terraform.io/hashicorp/aws\"]",
      "instances": [
        {
          "index_key": 0,
          "schema_version": 0,
          "attributes": {
            "carrier_gateway_id": "",
            "core_network_arn": "",
            "destination_cidr_block": "0.0.0.0/0",
            "destination_ipv6_cidr_block": "",
            "destination_prefix_list_id": "",
            "egress_only_gateway_id": "",
            "gateway_id": "igw-0df05cdcf5fee914c",
            "id": "r-rtb-0a8f99a20c07e142d1080289494",
            "instance_id": "",
            "instance_owner_id": "",
            "local_gateway_id": "",
            "nat_gateway_id": "",
            "network_interface_id": "",
            "origin": "CreateRoute",
            "route_table_id": "rtb-0a8f99a20c07e142d",
            "state": "active",
            "timeouts": {
              "create": "5m",
              "delete": null,
              "update": null
            },
            "transit_gateway_id": "",
            "vpc_endpoint_id": "",
            "vpc_peering_connection_id": ""
          },
          "sensitive_attributes": [],
          "private": "eyJlMmJmYjczMC1lY2FhLTExZTYtOGY4OC0zNDM2M2JjN2M0YzAiOnsiY3JlYXRlIjozMDAwMDAwMDAwMDAsImRlbGV0ZSI6MzAwMDAwMDAwMDAwLCJ1cGRhdGUiOjEyMDAwMDAwMDAwMH19",
          "dependencies": [
            "module.vpc.aws_internet_gateway.this",
            "module.vpc.aws_route_table.public",
            "module.vpc.aws_vpc.this",
            "module.vpc.aws_vpc_ipv4_cidr_block_association.this"
          ]
        }
      ]
    },
    {
      "module": "module.vpc",
      "mode": "managed",
      "type": "aws_route_table",
      "name": "public",
      "provider": "provider[\"registry.terraform.io/hashicorp/aws\"]",
      "instances": [
        {
          "index_key": 0,
          "schema_version": 0,
          "attributes": {
            "arn": "arn:aws:ec2:eu-central-1:143805577160:route-table/rtb-0a8f99a20c07e142d",
            "id": "rtb-0a8f99a20c07e142d",
            "owner_id": "143805577160",
            "propagating_vgws": [],
            "route": [
              {
                "carrier_gateway_id": "",
                "cidr_block": "0.0.0.0/0",
                "core_network_arn": "",
                "destination_prefix_list_id": "",
                "egress_only_gateway_id": "",
                "gateway_id": "igw-0df05cdcf5fee914c",
                "instance_id": "",
                "ipv6_cidr_block": "",
                "local_gateway_id": "",
                "nat_gateway_id": "",
                "network_interface_id": "",
                "transit_gateway_id": "",
                "vpc_endpoint_id": "",
                "vpc_peering_connection_id": ""
              }
            ],
            "tags": {
              "Environment": "dev",
              "Name": "my_vpc-public",
              "Terraform": "true"
            },
            "tags_all": {
              "Environment": "dev",
              "Name": "my_vpc-public",
              "Terraform": "true"
            },
            "timeouts": null,
            "vpc_id": "vpc-04f09864394cbd161"
          },
          "sensitive_attributes": [],
          "private": "eyJlMmJmYjczMC1lY2FhLTExZTYtOGY4OC0zNDM2M2JjN2M0YzAiOnsiY3JlYXRlIjozMDAwMDAwMDAwMDAsImRlbGV0ZSI6MzAwMDAwMDAwMDAwLCJ1cGRhdGUiOjEyMDAwMDAwMDAwMH19",
          "dependencies": [
            "module.vpc.aws_vpc.this",
            "module.vpc.aws_vpc_ipv4_cidr_block_association.this"
          ]
        }
      ]
    },
    {
      "module": "module.vpc",
      "mode": "managed",
      "type": "aws_route_table_association",
      "name": "public",
      "provider": "provider[\"registry.terraform.io/hashicorp/aws\"]",
      "instances": [
        {
          "index_key": 0,
          "schema_version": 0,
          "attributes": {
            "gateway_id": "",
            "id": "rtbassoc-04b927a4b90823db0",
            "route_table_id": "rtb-0a8f99a20c07e142d",
            "subnet_id": "subnet-096143006df0a5c15"
          },
          "sensitive_attributes": [],
          "private": "bnVsbA==",
          "dependencies": [
            "data.aws_availability_zones.available",
            "module.vpc.aws_route_table.public",
            "module.vpc.aws_subnet.public",
            "module.vpc.aws_vpc.this",
            "module.vpc.aws_vpc_ipv4_cidr_block_association.this"
          ]
        }
      ]
    },
    {
      "module": "module.vpc",
      "mode": "managed",
      "type": "aws_subnet",
      "name": "public",
      "provider": "provider[\"registry.terraform.io/hashicorp/aws\"]",
      "instances": [
        {
          "index_key": 0,
          "schema_version": 1,
          "attributes": {
            "arn": "arn:aws:ec2:eu-central-1:143805577160:subnet/subnet-096143006df0a5c15",
            "assign_ipv6_address_on_creation": false,
            "availability_zone": "eu-central-1a",
            "availability_zone_id": "euc1-az2",
            "cidr_block": "10.204.1.0/26",
            "customer_owned_ipv4_pool": "",
            "enable_dns64": false,
            "enable_resource_name_dns_a_record_on_launch": false,
            "enable_resource_name_dns_aaaa_record_on_launch": false,
            "id": "subnet-096143006df0a5c15",
            "ipv6_cidr_block": "",
            "ipv6_cidr_block_association_id": "",
            "ipv6_native": false,
            "map_customer_owned_ip_on_launch": false,
            "map_public_ip_on_launch": false,
            "outpost_arn": "",
            "owner_id": "143805577160",
            "private_dns_hostname_type_on_launch": "ip-name",
            "tags": {
              "Environment": "dev",
              "Name": "my_vpc-public-eu-central-1a",
              "Terraform": "true"
            },
            "tags_all": {
              "Environment": "dev",
              "Name": "my_vpc-public-eu-central-1a",
              "Terraform": "true"
            },
            "timeouts": null,
            "vpc_id": "vpc-04f09864394cbd161"
          },
          "sensitive_attributes": [],
          "private": "eyJlMmJmYjczMC1lY2FhLTExZTYtOGY4OC0zNDM2M2JjN2M0YzAiOnsiY3JlYXRlIjo2MDAwMDAwMDAwMDAsImRlbGV0ZSI6MTIwMDAwMDAwMDAwMH0sInNjaGVtYV92ZXJzaW9uIjoiMSJ9",
          "dependencies": [
            "data.aws_availability_zones.available",
            "module.vpc.aws_vpc.this",
            "module.vpc.aws_vpc_ipv4_cidr_block_association.this"
          ]
        }
      ]
    },
    {
      "module": "module.vpc",
      "mode": "managed",
      "type": "aws_vpc",
      "name": "this",
      "provider": "provider[\"registry.terraform.io/hashicorp/aws\"]",
      "instances": [
        {
          "index_key": 0,
          "schema_version": 1,
          "attributes": {
            "arn": "arn:aws:ec2:eu-central-1:143805577160:vpc/vpc-04f09864394cbd161",
            "assign_generated_ipv6_cidr_block": false,
            "cidr_block": "10.204.0.0/16",
            "default_network_acl_id": "acl-0047507bf17fd6ffe",
            "default_route_table_id": "rtb-0c425b120e55f5e99",
            "default_security_group_id": "sg-0a1324baa58442c60",
            "dhcp_options_id": "dopt-07089ebd37cce23c1",
            "enable_classiclink": false,
            "enable_classiclink_dns_support": false,
            "enable_dns_hostnames": true,
            "enable_dns_support": true,
            "enable_network_address_usage_metrics": false,
            "id": "vpc-04f09864394cbd161",
            "instance_tenancy": "default",
            "ipv4_ipam_pool_id": null,
            "ipv4_netmask_length": null,
            "ipv6_association_id": "",
            "ipv6_cidr_block": "",
            "ipv6_cidr_block_network_border_group": "",
            "ipv6_ipam_pool_id": "",
            "ipv6_netmask_length": 0,
            "main_route_table_id": "rtb-0c425b120e55f5e99",
            "owner_id": "143805577160",
            "tags": {
              "Environment": "dev",
              "Name": "my_vpc",
              "Terraform": "true"
            },
            "tags_all": {
              "Environment": "dev",
              "Name": "my_vpc",
              "Terraform": "true"
            }
          },
          "sensitive_attributes": [],
          "private": "eyJzY2hlbWFfdmVyc2lvbiI6IjEifQ=="
        }
      ]
    }
  ],
  "check_results": null
}
